// !$*UTF8*$!
{
	archiveVersion = 1;
	classes = {
	};
	objectVersion = 51;
	objects = {

/* Begin PBXBuildFile section */
		E11BCF2C23BD8D61000A0FB9 /* AppDelegate.swift in Sources */ = {isa = PBXBuildFile; fileRef = E11BCF2B23BD8D61000A0FB9 /* AppDelegate.swift */; };
		E11BCF2E23BD8D61000A0FB9 /* SceneDelegate.swift in Sources */ = {isa = PBXBuildFile; fileRef = E11BCF2D23BD8D61000A0FB9 /* SceneDelegate.swift */; };
		E11BCF3323BD8D61000A0FB9 /* Main.storyboard in Resources */ = {isa = PBXBuildFile; fileRef = E11BCF3123BD8D61000A0FB9 /* Main.storyboard */; };
		E11BCF3623BD8D61000A0FB9 /* KR100ToAppleMusic.xcdatamodeld in Sources */ = {isa = PBXBuildFile; fileRef = E11BCF3423BD8D61000A0FB9 /* KR100ToAppleMusic.xcdatamodeld */; };
		E11BCF3823BD8D62000A0FB9 /* Assets.xcassets in Resources */ = {isa = PBXBuildFile; fileRef = E11BCF3723BD8D62000A0FB9 /* Assets.xcassets */; };
		E11BCF3B23BD8D62000A0FB9 /* LaunchScreen.storyboard in Resources */ = {isa = PBXBuildFile; fileRef = E11BCF3923BD8D62000A0FB9 /* LaunchScreen.storyboard */; };
		E11BCF4323BD9026000A0FB9 /* MusicChartListCell.swift in Sources */ = {isa = PBXBuildFile; fileRef = E11BCF4223BD9026000A0FB9 /* MusicChartListCell.swift */; };
		E11BCF4523BD9040000A0FB9 /* MusicChartListVC.swift in Sources */ = {isa = PBXBuildFile; fileRef = E11BCF4423BD9040000A0FB9 /* MusicChartListVC.swift */; };
		E127B50723C9EA440023FF8C /* CustomToolBarView.swift in Sources */ = {isa = PBXBuildFile; fileRef = E127B50623C9EA440023FF8C /* CustomToolBarView.swift */; };
		E1338EE923CC751B00DE9855 /* MusicSearchUtil.swift in Sources */ = {isa = PBXBuildFile; fileRef = E1338EE823CC751B00DE9855 /* MusicSearchUtil.swift */; };
		E14C69E223CD0B5300DA9A84 /* CreatePlaylistUtil.swift in Sources */ = {isa = PBXBuildFile; fileRef = E14C69E123CD0B5300DA9A84 /* CreatePlaylistUtil.swift */; };
		E16CE34223CCC310003BDECB /* ManualMusicSearchVC.swift in Sources */ = {isa = PBXBuildFile; fileRef = E16CE34123CCC310003BDECB /* ManualMusicSearchVC.swift */; };
		E16CE34423CCD623003BDECB /* ManualSearchMusicInfoVO.swift in Sources */ = {isa = PBXBuildFile; fileRef = E16CE34323CCD623003BDECB /* ManualSearchMusicInfoVO.swift */; };
		E16CE34623CCDC4A003BDECB /* ManualMusicSearchCell.swift in Sources */ = {isa = PBXBuildFile; fileRef = E16CE34523CCDC4A003BDECB /* ManualMusicSearchCell.swift */; };
		E1AA587923BD92AC00A617F8 /* MusicInfoVO.swift in Sources */ = {isa = PBXBuildFile; fileRef = E1AA587823BD92AC00A617F8 /* MusicInfoVO.swift */; };
		E1AA587B23BD93F000A617F8 /* HTMLParser.swift in Sources */ = {isa = PBXBuildFile; fileRef = E1AA587A23BD93F000A617F8 /* HTMLParser.swift */; };
		E1AA588123BD9EF600A617F8 /* Utils.swift in Sources */ = {isa = PBXBuildFile; fileRef = E1AA588023BD9EF600A617F8 /* Utils.swift */; };
		FF8EEC751DB0160707B22E96 /* Pods_KR100ToAppleMusic.framework in Frameworks */ = {isa = PBXBuildFile; fileRef = 22B845E5AEBAA447F9EE3BB7 /* Pods_KR100ToAppleMusic.framework */; };
/* End PBXBuildFile section */

/* Begin PBXFileReference section */
		026FF4060F144D31F9343167 /* Pods-KR100ToAppleMusic.release.xcconfig */ = {isa = PBXFileReference; includeInIndex = 1; lastKnownFileType = text.xcconfig; name = "Pods-KR100ToAppleMusic.release.xcconfig"; path = "Target Support Files/Pods-KR100ToAppleMusic/Pods-KR100ToAppleMusic.release.xcconfig"; sourceTree = "<group>"; };
		22B845E5AEBAA447F9EE3BB7 /* Pods_KR100ToAppleMusic.framework */ = {isa = PBXFileReference; explicitFileType = wrapper.framework; includeInIndex = 0; path = Pods_KR100ToAppleMusic.framework; sourceTree = BUILT_PRODUCTS_DIR; };
		29EAAD796FF6D0056BC4E115 /* Pods-KR100ToAppleMusic.debug.xcconfig */ = {isa = PBXFileReference; includeInIndex = 1; lastKnownFileType = text.xcconfig; name = "Pods-KR100ToAppleMusic.debug.xcconfig"; path = "Target Support Files/Pods-KR100ToAppleMusic/Pods-KR100ToAppleMusic.debug.xcconfig"; sourceTree = "<group>"; };
		E11BCF2823BD8D60000A0FB9 /* KR100ToAppleMusic.app */ = {isa = PBXFileReference; explicitFileType = wrapper.application; includeInIndex = 0; path = KR100ToAppleMusic.app; sourceTree = BUILT_PRODUCTS_DIR; };
		E11BCF2B23BD8D61000A0FB9 /* AppDelegate.swift */ = {isa = PBXFileReference; lastKnownFileType = sourcecode.swift; path = AppDelegate.swift; sourceTree = "<group>"; };
		E11BCF2D23BD8D61000A0FB9 /* SceneDelegate.swift */ = {isa = PBXFileReference; lastKnownFileType = sourcecode.swift; path = SceneDelegate.swift; sourceTree = "<group>"; };
		E11BCF3223BD8D61000A0FB9 /* Base */ = {isa = PBXFileReference; lastKnownFileType = file.storyboard; name = Base; path = Base.lproj/Main.storyboard; sourceTree = "<group>"; };
		E11BCF3523BD8D61000A0FB9 /* KR100ToAppleMusic.xcdatamodel */ = {isa = PBXFileReference; lastKnownFileType = wrapper.xcdatamodel; path = KR100ToAppleMusic.xcdatamodel; sourceTree = "<group>"; };
		E11BCF3723BD8D62000A0FB9 /* Assets.xcassets */ = {isa = PBXFileReference; lastKnownFileType = folder.assetcatalog; path = Assets.xcassets; sourceTree = "<group>"; };
		E11BCF3A23BD8D62000A0FB9 /* Base */ = {isa = PBXFileReference; lastKnownFileType = file.storyboard; name = Base; path = Base.lproj/LaunchScreen.storyboard; sourceTree = "<group>"; };
		E11BCF3C23BD8D62000A0FB9 /* Info.plist */ = {isa = PBXFileReference; lastKnownFileType = text.plist.xml; path = Info.plist; sourceTree = "<group>"; };
		E11BCF4223BD9026000A0FB9 /* MusicChartListCell.swift */ = {isa = PBXFileReference; lastKnownFileType = sourcecode.swift; path = MusicChartListCell.swift; sourceTree = "<group>"; };
		E11BCF4423BD9040000A0FB9 /* MusicChartListVC.swift */ = {isa = PBXFileReference; lastKnownFileType = sourcecode.swift; path = MusicChartListVC.swift; sourceTree = "<group>"; };
		E127B50623C9EA440023FF8C /* CustomToolBarView.swift */ = {isa = PBXFileReference; lastKnownFileType = sourcecode.swift; path = CustomToolBarView.swift; sourceTree = "<group>"; };
		E1338EE823CC751B00DE9855 /* MusicSearchUtil.swift */ = {isa = PBXFileReference; lastKnownFileType = sourcecode.swift; path = MusicSearchUtil.swift; sourceTree = "<group>"; };
		E14C69E123CD0B5300DA9A84 /* CreatePlaylistUtil.swift */ = {isa = PBXFileReference; lastKnownFileType = sourcecode.swift; path = CreatePlaylistUtil.swift; sourceTree = "<group>"; };
		E16CE34123CCC310003BDECB /* ManualMusicSearchVC.swift */ = {isa = PBXFileReference; fileEncoding = 4; lastKnownFileType = sourcecode.swift; path = ManualMusicSearchVC.swift; sourceTree = "<group>"; };
		E16CE34323CCD623003BDECB /* ManualSearchMusicInfoVO.swift */ = {isa = PBXFileReference; lastKnownFileType = sourcecode.swift; path = ManualSearchMusicInfoVO.swift; sourceTree = "<group>"; };
		E16CE34523CCDC4A003BDECB /* ManualMusicSearchCell.swift */ = {isa = PBXFileReference; lastKnownFileType = sourcecode.swift; name = ManualMusicSearchCell.swift; path = Pods/ManualMusicSearchCell.swift; sourceTree = SOURCE_ROOT; };
		E1AA587823BD92AC00A617F8 /* MusicInfoVO.swift */ = {isa = PBXFileReference; lastKnownFileType = sourcecode.swift; path = MusicInfoVO.swift; sourceTree = "<group>"; };
		E1AA587A23BD93F000A617F8 /* HTMLParser.swift */ = {isa = PBXFileReference; lastKnownFileType = sourcecode.swift; path = HTMLParser.swift; sourceTree = "<group>"; };
		E1AA588023BD9EF600A617F8 /* Utils.swift */ = {isa = PBXFileReference; lastKnownFileType = sourcecode.swift; path = Utils.swift; sourceTree = "<group>"; };
/* End PBXFileReference section */

/* Begin PBXFrameworksBuildPhase section */
		E11BCF2523BD8D60000A0FB9 /* Frameworks */ = {
			isa = PBXFrameworksBuildPhase;
			buildActionMask = 2147483647;
			files = (
				FF8EEC751DB0160707B22E96 /* Pods_KR100ToAppleMusic.framework in Frameworks */,
			);
			runOnlyForDeploymentPostprocessing = 0;
		};
/* End PBXFrameworksBuildPhase section */

/* Begin PBXGroup section */
		01EA0B1B5E7713A8B58C405A /* Frameworks */ = {
			isa = PBXGroup;
			children = (
				22B845E5AEBAA447F9EE3BB7 /* Pods_KR100ToAppleMusic.framework */,
			);
			name = Frameworks;
			sourceTree = "<group>";
		};
		D81679C7486FE8CC4DD4DB27 /* Pods */ = {
			isa = PBXGroup;
			children = (
				29EAAD796FF6D0056BC4E115 /* Pods-KR100ToAppleMusic.debug.xcconfig */,
				026FF4060F144D31F9343167 /* Pods-KR100ToAppleMusic.release.xcconfig */,
			);
			path = Pods;
			sourceTree = "<group>";
		};
		E11BCF1F23BD8D60000A0FB9 = {
			isa = PBXGroup;
			children = (
				E11BCF2A23BD8D61000A0FB9 /* KR100ToAppleMusic */,
				E11BCF2923BD8D60000A0FB9 /* Products */,
				D81679C7486FE8CC4DD4DB27 /* Pods */,
				01EA0B1B5E7713A8B58C405A /* Frameworks */,
			);
			sourceTree = "<group>";
		};
		E11BCF2923BD8D60000A0FB9 /* Products */ = {
			isa = PBXGroup;
			children = (
				E11BCF2823BD8D60000A0FB9 /* KR100ToAppleMusic.app */,
			);
			name = Products;
			sourceTree = "<group>";
		};
		E11BCF2A23BD8D61000A0FB9 /* KR100ToAppleMusic */ = {
			isa = PBXGroup;
			children = (
				E1AA587F23BD9EDC00A617F8 /* Utils */,
				E11BCF4623BD9062000A0FB9 /* Storyboard */,
				E11BCF4723BD9070000A0FB9 /* ViewController */,
				E11BCF4823BD907C000A0FB9 /* Model */,
				E11BCF2B23BD8D61000A0FB9 /* AppDelegate.swift */,
				E11BCF2D23BD8D61000A0FB9 /* SceneDelegate.swift */,
				E11BCF3723BD8D62000A0FB9 /* Assets.xcassets */,
				E11BCF3C23BD8D62000A0FB9 /* Info.plist */,
				E11BCF3423BD8D61000A0FB9 /* KR100ToAppleMusic.xcdatamodeld */,
			);
			path = KR100ToAppleMusic;
			sourceTree = "<group>";
		};
		E11BCF4623BD9062000A0FB9 /* Storyboard */ = {
			isa = PBXGroup;
			children = (
				E11BCF3123BD8D61000A0FB9 /* Main.storyboard */,
				E11BCF3923BD8D62000A0FB9 /* LaunchScreen.storyboard */,
			);
			path = Storyboard;
			sourceTree = "<group>";
		};
		E11BCF4723BD9070000A0FB9 /* ViewController */ = {
			isa = PBXGroup;
			children = (
				E16CE34523CCDC4A003BDECB /* ManualMusicSearchCell.swift */,
				E11BCF4223BD9026000A0FB9 /* MusicChartListCell.swift */,
				E11BCF4423BD9040000A0FB9 /* MusicChartListVC.swift */,
				E127B50623C9EA440023FF8C /* CustomToolBarView.swift */,
				E16CE34123CCC310003BDECB /* ManualMusicSearchVC.swift */,
			);
			path = ViewController;
			sourceTree = "<group>";
		};
		E11BCF4823BD907C000A0FB9 /* Model */ = {
			isa = PBXGroup;
			children = (
				E16CE34323CCD623003BDECB /* ManualSearchMusicInfoVO.swift */,
				E1AA587823BD92AC00A617F8 /* MusicInfoVO.swift */,
			);
			path = Model;
			sourceTree = "<group>";
		};
		E1AA587F23BD9EDC00A617F8 /* Utils */ = {
			isa = PBXGroup;
			children = (
				E1AA588023BD9EF600A617F8 /* Utils.swift */,
				E1338EE823CC751B00DE9855 /* MusicSearchUtil.swift */,
				E14C69E123CD0B5300DA9A84 /* CreatePlaylistUtil.swift */,
				E1AA587A23BD93F000A617F8 /* HTMLParser.swift */,
			);
			path = Utils;
			sourceTree = "<group>";
		};
/* End PBXGroup section */

/* Begin PBXNativeTarget section */
		E11BCF2723BD8D60000A0FB9 /* KR100ToAppleMusic */ = {
			isa = PBXNativeTarget;
			buildConfigurationList = E11BCF3F23BD8D62000A0FB9 /* Build configuration list for PBXNativeTarget "KR100ToAppleMusic" */;
			buildPhases = (
				9384655A0922A79685FFF8BC /* [CP] Check Pods Manifest.lock */,
				E11BCF2423BD8D60000A0FB9 /* Sources */,
				E11BCF2523BD8D60000A0FB9 /* Frameworks */,
				E11BCF2623BD8D60000A0FB9 /* Resources */,
				547840FD5BCA21E17E1FF3ED /* [CP] Embed Pods Frameworks */,
			);
			buildRules = (
			);
			dependencies = (
			);
			name = KR100ToAppleMusic;
			productName = KR100ToAppleMusic;
			productReference = E11BCF2823BD8D60000A0FB9 /* KR100ToAppleMusic.app */;
			productType = "com.apple.product-type.application";
		};
/* End PBXNativeTarget section */

/* Begin PBXProject section */
		E11BCF2023BD8D60000A0FB9 /* Project object */ = {
			isa = PBXProject;
			attributes = {
				LastSwiftUpdateCheck = 1130;
				LastUpgradeCheck = 1130;
				ORGANIZATIONNAME = monireu;
				TargetAttributes = {
					E11BCF2723BD8D60000A0FB9 = {
						CreatedOnToolsVersion = 11.3;
					};
				};
			};
			buildConfigurationList = E11BCF2323BD8D60000A0FB9 /* Build configuration list for PBXProject "KR100ToAppleMusic" */;
			compatibilityVersion = "Xcode 9.3";
			developmentRegion = en;
			hasScannedForEncodings = 0;
			knownRegions = (
				en,
				Base,
			);
			mainGroup = E11BCF1F23BD8D60000A0FB9;
			productRefGroup = E11BCF2923BD8D60000A0FB9 /* Products */;
			projectDirPath = "";
			projectRoot = "";
			targets = (
				E11BCF2723BD8D60000A0FB9 /* KR100ToAppleMusic */,
			);
		};
/* End PBXProject section */

/* Begin PBXResourcesBuildPhase section */
		E11BCF2623BD8D60000A0FB9 /* Resources */ = {
			isa = PBXResourcesBuildPhase;
			buildActionMask = 2147483647;
			files = (
				E11BCF3B23BD8D62000A0FB9 /* LaunchScreen.storyboard in Resources */,
				E11BCF3823BD8D62000A0FB9 /* Assets.xcassets in Resources */,
				E11BCF3323BD8D61000A0FB9 /* Main.storyboard in Resources */,
			);
			runOnlyForDeploymentPostprocessing = 0;
		};
/* End PBXResourcesBuildPhase section */

/* Begin PBXShellScriptBuildPhase section */
		547840FD5BCA21E17E1FF3ED /* [CP] Embed Pods Frameworks */ = {
			isa = PBXShellScriptBuildPhase;
			buildActionMask = 2147483647;
			files = (
			);
			inputFileListPaths = (
				"${PODS_ROOT}/Target Support Files/Pods-KR100ToAppleMusic/Pods-KR100ToAppleMusic-frameworks-${CONFIGURATION}-input-files.xcfilelist",
			);
			name = "[CP] Embed Pods Frameworks";
			outputFileListPaths = (
				"${PODS_ROOT}/Target Support Files/Pods-KR100ToAppleMusic/Pods-KR100ToAppleMusic-frameworks-${CONFIGURATION}-output-files.xcfilelist",
			);
			runOnlyForDeploymentPostprocessing = 0;
			shellPath = /bin/sh;
			shellScript = "\"${PODS_ROOT}/Target Support Files/Pods-KR100ToAppleMusic/Pods-KR100ToAppleMusic-frameworks.sh\"\n";
			showEnvVarsInLog = 0;
		};
		9384655A0922A79685FFF8BC /* [CP] Check Pods Manifest.lock */ = {
			isa = PBXShellScriptBuildPhase;
			buildActionMask = 2147483647;
			files = (
			);
			inputFileListPaths = (
			);
			inputPaths = (
				"${PODS_PODFILE_DIR_PATH}/Podfile.lock",
				"${PODS_ROOT}/Manifest.lock",
			);
			name = "[CP] Check Pods Manifest.lock";
			outputFileListPaths = (
			);
			outputPaths = (
				"$(DERIVED_FILE_DIR)/Pods-KR100ToAppleMusic-checkManifestLockResult.txt",
			);
			runOnlyForDeploymentPostprocessing = 0;
			shellPath = /bin/sh;
			shellScript = "diff \"${PODS_PODFILE_DIR_PATH}/Podfile.lock\" \"${PODS_ROOT}/Manifest.lock\" > /dev/null\nif [ $? != 0 ] ; then\n    # print error to STDERR\n    echo \"error: The sandbox is not in sync with the Podfile.lock. Run 'pod install' or update your CocoaPods installation.\" >&2\n    exit 1\nfi\n# This output is used by Xcode 'outputs' to avoid re-running this script phase.\necho \"SUCCESS\" > \"${SCRIPT_OUTPUT_FILE_0}\"\n";
			showEnvVarsInLog = 0;
		};
/* End PBXShellScriptBuildPhase section */

/* Begin PBXSourcesBuildPhase section */
		E11BCF2423BD8D60000A0FB9 /* Sources */ = {
			isa = PBXSourcesBuildPhase;
			buildActionMask = 2147483647;
			files = (
				E1AA587923BD92AC00A617F8 /* MusicInfoVO.swift in Sources */,
				E1338EE923CC751B00DE9855 /* MusicSearchUtil.swift in Sources */,
				E11BCF2C23BD8D61000A0FB9 /* AppDelegate.swift in Sources */,
				E11BCF3623BD8D61000A0FB9 /* KR100ToAppleMusic.xcdatamodeld in Sources */,
				E11BCF4323BD9026000A0FB9 /* MusicChartListCell.swift in Sources */,
				E14C69E223CD0B5300DA9A84 /* CreatePlaylistUtil.swift in Sources */,
				E11BCF2E23BD8D61000A0FB9 /* SceneDelegate.swift in Sources */,
				E16CE34423CCD623003BDECB /* ManualSearchMusicInfoVO.swift in Sources */,
				E127B50723C9EA440023FF8C /* CustomToolBarView.swift in Sources */,
				E1AA587B23BD93F000A617F8 /* HTMLParser.swift in Sources */,
				E11BCF4523BD9040000A0FB9 /* MusicChartListVC.swift in Sources */,
				E16CE34223CCC310003BDECB /* ManualMusicSearchVC.swift in Sources */,
				E16CE34623CCDC4A003BDECB /* ManualMusicSearchCell.swift in Sources */,
				E1AA588123BD9EF600A617F8 /* Utils.swift in Sources */,
			);
			runOnlyForDeploymentPostprocessing = 0;
		};
/* End PBXSourcesBuildPhase section */

/* Begin PBXVariantGroup section */
		E11BCF3123BD8D61000A0FB9 /* Main.storyboard */ = {
			isa = PBXVariantGroup;
			children = (
				E11BCF3223BD8D61000A0FB9 /* Base */,
			);
			name = Main.storyboard;
			sourceTree = "<group>";
		};
		E11BCF3923BD8D62000A0FB9 /* LaunchScreen.storyboard */ = {
			isa = PBXVariantGroup;
			children = (
				E11BCF3A23BD8D62000A0FB9 /* Base */,
			);
			name = LaunchScreen.storyboard;
			sourceTree = "<group>";
		};
/* End PBXVariantGroup section */

/* Begin XCBuildConfiguration section */
		E11BCF3D23BD8D62000A0FB9 /* Debug */ = {
			isa = XCBuildConfiguration;
			buildSettings = {
				ALWAYS_SEARCH_USER_PATHS = NO;
				CLANG_ANALYZER_NONNULL = YES;
				CLANG_ANALYZER_NUMBER_OBJECT_CONVERSION = YES_AGGRESSIVE;
				CLANG_CXX_LANGUAGE_STANDARD = "gnu++14";
				CLANG_CXX_LIBRARY = "libc++";
				CLANG_ENABLE_MODULES = YES;
				CLANG_ENABLE_OBJC_ARC = YES;
				CLANG_ENABLE_OBJC_WEAK = YES;
				CLANG_WARN_BLOCK_CAPTURE_AUTORELEASING = YES;
				CLANG_WARN_BOOL_CONVERSION = YES;
				CLANG_WARN_COMMA = YES;
				CLANG_WARN_CONSTANT_CONVERSION = YES;
				CLANG_WARN_DEPRECATED_OBJC_IMPLEMENTATIONS = YES;
				CLANG_WARN_DIRECT_OBJC_ISA_USAGE = YES_ERROR;
				CLANG_WARN_DOCUMENTATION_COMMENTS = YES;
				CLANG_WARN_EMPTY_BODY = YES;
				CLANG_WARN_ENUM_CONVERSION = YES;
				CLANG_WARN_INFINITE_RECURSION = YES;
				CLANG_WARN_INT_CONVERSION = YES;
				CLANG_WARN_NON_LITERAL_NULL_CONVERSION = YES;
				CLANG_WARN_OBJC_IMPLICIT_RETAIN_SELF = YES;
				CLANG_WARN_OBJC_LITERAL_CONVERSION = YES;
				CLANG_WARN_OBJC_ROOT_CLASS = YES_ERROR;
				CLANG_WARN_RANGE_LOOP_ANALYSIS = YES;
				CLANG_WARN_STRICT_PROTOTYPES = YES;
				CLANG_WARN_SUSPICIOUS_MOVE = YES;
				CLANG_WARN_UNGUARDED_AVAILABILITY = YES_AGGRESSIVE;
				CLANG_WARN_UNREACHABLE_CODE = YES;
				CLANG_WARN__DUPLICATE_METHOD_MATCH = YES;
				COPY_PHASE_STRIP = NO;
				DEBUG_INFORMATION_FORMAT = dwarf;
				ENABLE_STRICT_OBJC_MSGSEND = YES;
				ENABLE_TESTABILITY = YES;
				GCC_C_LANGUAGE_STANDARD = gnu11;
				GCC_DYNAMIC_NO_PIC = NO;
				GCC_NO_COMMON_BLOCKS = YES;
				GCC_OPTIMIZATION_LEVEL = 0;
				GCC_PREPROCESSOR_DEFINITIONS = (
					"DEBUG=1",
					"$(inherited)",
				);
				GCC_WARN_64_TO_32_BIT_CONVERSION = YES;
				GCC_WARN_ABOUT_RETURN_TYPE = YES_ERROR;
				GCC_WARN_UNDECLARED_SELECTOR = YES;
				GCC_WARN_UNINITIALIZED_AUTOS = YES_AGGRESSIVE;
				GCC_WARN_UNUSED_FUNCTION = YES;
				GCC_WARN_UNUSED_VARIABLE = YES;
				IPHONEOS_DEPLOYMENT_TARGET = 13.2;
				MTL_ENABLE_DEBUG_INFO = INCLUDE_SOURCE;
				MTL_FAST_MATH = YES;
				ONLY_ACTIVE_ARCH = YES;
				SDKROOT = iphoneos;
				SWIFT_ACTIVE_COMPILATION_CONDITIONS = DEBUG;
				SWIFT_OPTIMIZATION_LEVEL = "-Onone";
			};
			name = Debug;
		};
		E11BCF3E23BD8D62000A0FB9 /* Release */ = {
			isa = XCBuildConfiguration;
			buildSettings = {
				ALWAYS_SEARCH_USER_PATHS = NO;
				CLANG_ANALYZER_NONNULL = YES;
				CLANG_ANALYZER_NUMBER_OBJECT_CONVERSION = YES_AGGRESSIVE;
				CLANG_CXX_LANGUAGE_STANDARD = "gnu++14";
				CLANG_CXX_LIBRARY = "libc++";
				CLANG_ENABLE_MODULES = YES;
				CLANG_ENABLE_OBJC_ARC = YES;
				CLANG_ENABLE_OBJC_WEAK = YES;
				CLANG_WARN_BLOCK_CAPTURE_AUTORELEASING = YES;
				CLANG_WARN_BOOL_CONVERSION = YES;
				CLANG_WARN_COMMA = YES;
				CLANG_WARN_CONSTANT_CONVERSION = YES;
				CLANG_WARN_DEPRECATED_OBJC_IMPLEMENTATIONS = YES;
				CLANG_WARN_DIRECT_OBJC_ISA_USAGE = YES_ERROR;
				CLANG_WARN_DOCUMENTATION_COMMENTS = YES;
				CLANG_WARN_EMPTY_BODY = YES;
				CLANG_WARN_ENUM_CONVERSION = YES;
				CLANG_WARN_INFINITE_RECURSION = YES;
				CLANG_WARN_INT_CONVERSION = YES;
				CLANG_WARN_NON_LITERAL_NULL_CONVERSION = YES;
				CLANG_WARN_OBJC_IMPLICIT_RETAIN_SELF = YES;
				CLANG_WARN_OBJC_LITERAL_CONVERSION = YES;
				CLANG_WARN_OBJC_ROOT_CLASS = YES_ERROR;
				CLANG_WARN_RANGE_LOOP_ANALYSIS = YES;
				CLANG_WARN_STRICT_PROTOTYPES = YES;
				CLANG_WARN_SUSPICIOUS_MOVE = YES;
				CLANG_WARN_UNGUARDED_AVAILABILITY = YES_AGGRESSIVE;
				CLANG_WARN_UNREACHABLE_CODE = YES;
				CLANG_WARN__DUPLICATE_METHOD_MATCH = YES;
				COPY_PHASE_STRIP = NO;
				DEBUG_INFORMATION_FORMAT = "dwarf-with-dsym";
				ENABLE_NS_ASSERTIONS = NO;
				ENABLE_STRICT_OBJC_MSGSEND = YES;
				GCC_C_LANGUAGE_STANDARD = gnu11;
				GCC_NO_COMMON_BLOCKS = YES;
				GCC_WARN_64_TO_32_BIT_CONVERSION = YES;
				GCC_WARN_ABOUT_RETURN_TYPE = YES_ERROR;
				GCC_WARN_UNDECLARED_SELECTOR = YES;
				GCC_WARN_UNINITIALIZED_AUTOS = YES_AGGRESSIVE;
				GCC_WARN_UNUSED_FUNCTION = YES;
				GCC_WARN_UNUSED_VARIABLE = YES;
				IPHONEOS_DEPLOYMENT_TARGET = 13.2;
				MTL_ENABLE_DEBUG_INFO = NO;
				MTL_FAST_MATH = YES;
				SDKROOT = iphoneos;
				SWIFT_COMPILATION_MODE = wholemodule;
				SWIFT_OPTIMIZATION_LEVEL = "-O";
				VALIDATE_PRODUCT = YES;
			};
			name = Release;
		};
		E11BCF4023BD8D62000A0FB9 /* Debug */ = {
			isa = XCBuildConfiguration;
			baseConfigurationReference = 29EAAD796FF6D0056BC4E115 /* Pods-KR100ToAppleMusic.debug.xcconfig */;
			buildSettings = {
				ASSETCATALOG_COMPILER_APPICON_NAME = AppIcon;
				CODE_SIGN_STYLE = Automatic;
				DEVELOPMENT_ASSET_PATHS = "";
				DEVELOPMENT_TEAM = TBWQTY9PVU;
				INFOPLIST_FILE = KR100ToAppleMusic/Info.plist;
				LD_RUNPATH_SEARCH_PATHS = (
					"$(inherited)",
					"@executable_path/Frameworks",
				);
				PRODUCT_BUNDLE_IDENTIFIER = monireu.KR100ToAppleMusic;
				PRODUCT_NAME = "$(TARGET_NAME)";
				SWIFT_VERSION = 5.0;
				TARGETED_DEVICE_FAMILY = "1,2";
			};
			name = Debug;
		};
		E11BCF4123BD8D62000A0FB9 /* Release */ = {
			isa = XCBuildConfiguration;
			baseConfigurationReference = 026FF4060F144D31F9343167 /* Pods-KR100ToAppleMusic.release.xcconfig */;
			buildSettings = {
				ASSETCATALOG_COMPILER_APPICON_NAME = AppIcon;
				CODE_SIGN_STYLE = Automatic;
				DEVELOPMENT_ASSET_PATHS = "";
				DEVELOPMENT_TEAM = TBWQTY9PVU;
				INFOPLIST_FILE = KR100ToAppleMusic/Info.plist;
				LD_RUNPATH_SEARCH_PATHS = (
					"$(inherited)",
					"@executable_path/Frameworks",
				);
				PRODUCT_BUNDLE_IDENTIFIER = monireu.KR100ToAppleMusic;
				PRODUCT_NAME = "$(TARGET_NAME)";
				SWIFT_VERSION = 5.0;
				TARGETED_DEVICE_FAMILY = "1,2";
			};
			name = Release;
		};
/* End XCBuildConfiguration section */

/* Begin XCConfigurationList section */
		E11BCF2323BD8D60000A0FB9 /* Build configuration list for PBXProject "KR100ToAppleMusic" */ = {
			isa = XCConfigurationList;
			buildConfigurations = (
				E11BCF3D23BD8D62000A0FB9 /* Debug */,
				E11BCF3E23BD8D62000A0FB9 /* Release */,
			);
			defaultConfigurationIsVisible = 0;
			defaultConfigurationName = Release;
		};
		E11BCF3F23BD8D62000A0FB9 /* Build configuration list for PBXNativeTarget "KR100ToAppleMusic" */ = {
			isa = XCConfigurationList;
			buildConfigurations = (
				E11BCF4023BD8D62000A0FB9 /* Debug */,
				E11BCF4123BD8D62000A0FB9 /* Release */,
			);
			defaultConfigurationIsVisible = 0;
			defaultConfigurationName = Release;
		};
/* End XCConfigurationList section */

/* Begin XCVersionGroup section */
		E11BCF3423BD8D61000A0FB9 /* KR100ToAppleMusic.xcdatamodeld */ = {
			isa = XCVersionGroup;
			children = (
				E11BCF3523BD8D61000A0FB9 /* KR100ToAppleMusic.xcdatamodel */,
			);
			currentVersion = E11BCF3523BD8D61000A0FB9 /* KR100ToAppleMusic.xcdatamodel */;
			path = KR100ToAppleMusic.xcdatamodeld;
			sourceTree = "<group>";
			versionGroupType = wrapper.xcdatamodel;
		};
/* End XCVersionGroup section */
	};
	rootObject = E11BCF2023BD8D60000A0FB9 /* Project object */;
}
